
Microsoft Visual Studio Solution File, Format Version 12.00
# Visual Studio 15
VisualStudioVersion = 15.0.26730.16
MinimumVisualStudioVersion = 10.0.40219.1
Project("{FAE04EC0-301F-11D3-BF4B-00C04F79EFBC}") = "DataStructureAndAlgorithm", "DataStructureAndAlgorithm\DataStructureAndAlgorithm.csproj", "{964D7FEC-534A-44B2-AF23-412B5220BBB1}"
EndProject
Global
	GlobalSection(SolutionConfigurationPlatforms) = preSolution
		Debug|Any CPU = Debug|Any CPU
		Release|Any CPU = Release|Any CPU
	EndGlobalSection
	GlobalSection(ProjectConfigurationPlatforms) = postSolution
		{964D7FEC-534A-44B2-AF23-412B5220BBB1}.Debug|Any CPU.ActiveCfg = Debug|Any CPU
		{964D7FEC-534A-44B2-AF23-412B5220BBB1}.Debug|Any CPU.Build.0 = Debug|Any CPU
		{964D7FEC-534A-44B2-AF23-412B5220BBB1}.Release|Any CPU.ActiveCfg = Release|Any CPU
		{964D7FEC-534A-44B2-AF23-412B5220BBB1}.Release|Any CPU.Build.0 = Release|Any CPU
	EndGlobalSection
	GlobalSection(SolutionProperties) = preSolution
		HideSolutionNode = FALSE
	EndGlobalSection
	GlobalSection(ExtensibilityGlobals) = postSolution
		SolutionGuid = {E5F81B5C-D644-4160-B14B-201831AFA952}
	EndGlobalSection
EndGlobal
